// !$*UTF8*$!
{
	archiveVersion = 1;
	classes = {
	};
	objectVersion = 46;
	objects = {

/* Begin PBXBuildFile section */
		27186E2C1D88EA7A003DF559 /* XRGCommon.m in Sources */ = {isa = PBXBuildFile; fileRef = 27186E2B1D88EA7A003DF559 /* XRGCommon.m */; };
		271FA60F15AC79A100E16233 /* Online Help in Resources */ = {isa = PBXBuildFile; fileRef = 271FA60E15AC79A100E16233 /* Online Help */; };
		273ECE6A15740DE700E65D82 /* Cocoa.framework in Frameworks */ = {isa = PBXBuildFile; fileRef = 273ECE6915740DE700E65D82 /* Cocoa.framework */; };
		273ECEFA15740EAF00E65D82 /* XRGAppDelegate.m in Sources */ = {isa = PBXBuildFile; fileRef = 273ECE8D15740EAF00E65D82 /* XRGAppDelegate.m */; };
		273ECEFB15740EAF00E65D82 /* XRGPrefController.m in Sources */ = {isa = PBXBuildFile; fileRef = 273ECE8F15740EAF00E65D82 /* XRGPrefController.m */; };
		273ECEFD15740EAF00E65D82 /* XRGGraphWindow.m in Sources */ = {isa = PBXBuildFile; fileRef = 273ECE9315740EAF00E65D82 /* XRGGraphWindow.m */; };
		273ECEFF15740EAF00E65D82 /* XRGCPUMiner.m in Sources */ = {isa = PBXBuildFile; fileRef = 273ECE9815740EAF00E65D82 /* XRGCPUMiner.m */; };
		273ECF0015740EAF00E65D82 /* XRGMemoryMiner.m in Sources */ = {isa = PBXBuildFile; fileRef = 273ECE9A15740EAF00E65D82 /* XRGMemoryMiner.m */; };
		273ECF0115740EAF00E65D82 /* XRGProcessMiner.m in Sources */ = {isa = PBXBuildFile; fileRef = 273ECE9C15740EAF00E65D82 /* XRGProcessMiner.m */; };
		273ECF0215740EAF00E65D82 /* XRGTemperatureMiner.m in Sources */ = {isa = PBXBuildFile; fileRef = 273ECE9E15740EAF00E65D82 /* XRGTemperatureMiner.m */; };
		273ECF0315740EAF00E65D82 /* XRGBackgroundView.m in Sources */ = {isa = PBXBuildFile; fileRef = 273ECEA115740EAF00E65D82 /* XRGBackgroundView.m */; };
		273ECF0415740EAF00E65D82 /* XRGBatteryView.m in Sources */ = {isa = PBXBuildFile; fileRef = 273ECEA315740EAF00E65D82 /* XRGBatteryView.m */; };
		273ECF0515740EAF00E65D82 /* XRGCPUView.m in Sources */ = {isa = PBXBuildFile; fileRef = 273ECEA515740EAF00E65D82 /* XRGCPUView.m */; };
		273ECF0615740EAF00E65D82 /* XRGDiskView.m in Sources */ = {isa = PBXBuildFile; fileRef = 273ECEA715740EAF00E65D82 /* XRGDiskView.m */; };
		273ECF0715740EAF00E65D82 /* XRGGenericView.m in Sources */ = {isa = PBXBuildFile; fileRef = 273ECEA915740EAF00E65D82 /* XRGGenericView.m */; };
		273ECF0815740EAF00E65D82 /* XRGMemoryView.m in Sources */ = {isa = PBXBuildFile; fileRef = 273ECEAB15740EAF00E65D82 /* XRGMemoryView.m */; };
		273ECF0915740EAF00E65D82 /* XRGNetView.m in Sources */ = {isa = PBXBuildFile; fileRef = 273ECEAD15740EAF00E65D82 /* XRGNetView.m */; };
		273ECF0A15740EAF00E65D82 /* XRGStockView.m in Sources */ = {isa = PBXBuildFile; fileRef = 273ECEAF15740EAF00E65D82 /* XRGStockView.m */; };
		273ECF0B15740EAF00E65D82 /* XRGTemperatureView.m in Sources */ = {isa = PBXBuildFile; fileRef = 273ECEB115740EAF00E65D82 /* XRGTemperatureView.m */; };
		273ECF0C15740EAF00E65D82 /* XRGWeatherView.m in Sources */ = {isa = PBXBuildFile; fileRef = 273ECEB315740EAF00E65D82 /* XRGWeatherView.m */; };
		273ECF0D15740EAF00E65D82 /* main.m in Sources */ = {isa = PBXBuildFile; fileRef = 273ECEB615740EAF00E65D82 /* main.m */; };
		273ECF2A15740EAF00E65D82 /* Preferences-Appearance.tiff in Resources */ = {isa = PBXBuildFile; fileRef = 273ECED915740EAF00E65D82 /* Preferences-Appearance.tiff */; };
		273ECF2B15740EAF00E65D82 /* Preferences-CPU.tiff in Resources */ = {isa = PBXBuildFile; fileRef = 273ECEDA15740EAF00E65D82 /* Preferences-CPU.tiff */; };
		273ECF2C15740EAF00E65D82 /* Preferences-Disk.tiff in Resources */ = {isa = PBXBuildFile; fileRef = 273ECEDB15740EAF00E65D82 /* Preferences-Disk.tiff */; };
		273ECF2D15740EAF00E65D82 /* Preferences-General.tiff in Resources */ = {isa = PBXBuildFile; fileRef = 273ECEDC15740EAF00E65D82 /* Preferences-General.tiff */; };
		273ECF2E15740EAF00E65D82 /* Preferences-Memory.tiff in Resources */ = {isa = PBXBuildFile; fileRef = 273ECEDD15740EAF00E65D82 /* Preferences-Memory.tiff */; };
		273ECF2F15740EAF00E65D82 /* Preferences-Network.tiff in Resources */ = {isa = PBXBuildFile; fileRef = 273ECEDE15740EAF00E65D82 /* Preferences-Network.tiff */; };
		273ECF3015740EAF00E65D82 /* Preferences-Stocks.tiff in Resources */ = {isa = PBXBuildFile; fileRef = 273ECEDF15740EAF00E65D82 /* Preferences-Stocks.tiff */; };
		273ECF3115740EAF00E65D82 /* Preferences-Temperature.tiff in Resources */ = {isa = PBXBuildFile; fileRef = 273ECEE015740EAF00E65D82 /* Preferences-Temperature.tiff */; };
		273ECF3215740EAF00E65D82 /* Preferences-Weather.tiff in Resources */ = {isa = PBXBuildFile; fileRef = 273ECEE115740EAF00E65D82 /* Preferences-Weather.tiff */; };
		273ECF3515740EAF00E65D82 /* xtf.icns in Resources */ = {isa = PBXBuildFile; fileRef = 273ECEE415740EAF00E65D82 /* xtf.icns */; };
		273ECF3715740EAF00E65D82 /* NSStringUtil.m in Sources */ = {isa = PBXBuildFile; fileRef = 273ECEE915740EAF00E65D82 /* NSStringUtil.m */; };
		273ECF3815740EAF00E65D82 /* XRGDataSet.m in Sources */ = {isa = PBXBuildFile; fileRef = 273ECEEB15740EAF00E65D82 /* XRGDataSet.m */; };
		273ECF3B15740EAF00E65D82 /* XRGModule.m in Sources */ = {isa = PBXBuildFile; fileRef = 273ECEF115740EAF00E65D82 /* XRGModule.m */; };
		273ECF3C15740EAF00E65D82 /* XRGModuleManager.m in Sources */ = {isa = PBXBuildFile; fileRef = 273ECEF315740EAF00E65D82 /* XRGModuleManager.m */; };
		273ECF3D15740EAF00E65D82 /* XRGSettings.m in Sources */ = {isa = PBXBuildFile; fileRef = 273ECEF515740EAF00E65D82 /* XRGSettings.m */; };
		273ECF3E15740EAF00E65D82 /* XRGStock.m in Sources */ = {isa = PBXBuildFile; fileRef = 273ECEF715740EAF00E65D82 /* XRGStock.m */; };
		273ECF3F15740EAF00E65D82 /* XRGURL.m in Sources */ = {isa = PBXBuildFile; fileRef = 273ECEF915740EAF00E65D82 /* XRGURL.m */; };
		273ECF531574106600E65D82 /* InfoPlist.strings in Resources */ = {isa = PBXBuildFile; fileRef = 273ECF4F1574106600E65D82 /* InfoPlist.strings */; };
		273ECF541574106600E65D82 /* MainMenu.nib in Resources */ = {isa = PBXBuildFile; fileRef = 273ECF501574106600E65D82 /* MainMenu.nib */; };
		273ECF551574106600E65D82 /* Preferences.nib in Resources */ = {isa = PBXBuildFile; fileRef = 273ECF511574106600E65D82 /* Preferences.nib */; };
		273ECF64157413D200E65D82 /* icon.icns in Resources */ = {isa = PBXBuildFile; fileRef = 273ECF63157413D200E65D82 /* icon.icns */; };
		273ECF661574145100E65D82 /* IOKit.framework in Frameworks */ = {isa = PBXBuildFile; fileRef = 273ECF651574145100E65D82 /* IOKit.framework */; };
		275842181D8E3F4800D0281F /* XRGNetMiner.m in Sources */ = {isa = PBXBuildFile; fileRef = 275842171D8E3F4800D0281F /* XRGNetMiner.m */; };
		278606211B445FED00CC6249 /* XRGGPUMiner.m in Sources */ = {isa = PBXBuildFile; fileRef = 278606201B445FED00CC6249 /* XRGGPUMiner.m */; };
		278606241B44741B00CC6249 /* XRGGPUView.m in Sources */ = {isa = PBXBuildFile; fileRef = 278606231B44741B00CC6249 /* XRGGPUView.m */; };
		937851AA157CA243001D2A15 /* SMCInterface.m in Sources */ = {isa = PBXBuildFile; fileRef = 937851A8157CA243001D2A15 /* SMCInterface.m */; };
		937851AD157CA5D0001D2A15 /* SMCSensors.m in Sources */ = {isa = PBXBuildFile; fileRef = 937851AC157CA5D0001D2A15 /* SMCSensors.m */; };
/* End PBXBuildFile section */

/* Begin PBXFileReference section */
		27186E2A1D88EA7A003DF559 /* XRGCommon.h */ = {isa = PBXFileReference; fileEncoding = 4; lastKnownFileType = sourcecode.c.h; path = XRGCommon.h; sourceTree = "<group>"; };
		27186E2B1D88EA7A003DF559 /* XRGCommon.m */ = {isa = PBXFileReference; fileEncoding = 4; lastKnownFileType = sourcecode.c.objc; path = XRGCommon.m; sourceTree = "<group>"; };
		271FA60E15AC79A100E16233 /* Online Help */ = {isa = PBXFileReference; lastKnownFileType = folder; path = "Online Help"; sourceTree = "<group>"; };
		272DD59A21DE8B93007FA11C /* XRG.entitlements */ = {isa = PBXFileReference; lastKnownFileType = text.plist.entitlements; path = XRG.entitlements; sourceTree = SOURCE_ROOT; };
		273ECE6515740DE700E65D82 /* XRG.app */ = {isa = PBXFileReference; explicitFileType = wrapper.application; includeInIndex = 0; path = XRG.app; sourceTree = BUILT_PRODUCTS_DIR; };
		273ECE6915740DE700E65D82 /* Cocoa.framework */ = {isa = PBXFileReference; lastKnownFileType = wrapper.framework; name = Cocoa.framework; path = System/Library/Frameworks/Cocoa.framework; sourceTree = SDKROOT; };
		273ECE6C15740DE700E65D82 /* AppKit.framework */ = {isa = PBXFileReference; lastKnownFileType = wrapper.framework; name = AppKit.framework; path = System/Library/Frameworks/AppKit.framework; sourceTree = SDKROOT; };
		273ECE6D15740DE700E65D82 /* CoreData.framework */ = {isa = PBXFileReference; lastKnownFileType = wrapper.framework; name = CoreData.framework; path = System/Library/Frameworks/CoreData.framework; sourceTree = SDKROOT; };
		273ECE6E15740DE700E65D82 /* Foundation.framework */ = {isa = PBXFileReference; lastKnownFileType = wrapper.framework; name = Foundation.framework; path = System/Library/Frameworks/Foundation.framework; sourceTree = SDKROOT; };
		273ECE8C15740EAF00E65D82 /* XRGAppDelegate.h */ = {isa = PBXFileReference; fileEncoding = 4; lastKnownFileType = sourcecode.c.h; path = XRGAppDelegate.h; sourceTree = "<group>"; };
		273ECE8D15740EAF00E65D82 /* XRGAppDelegate.m */ = {isa = PBXFileReference; fileEncoding = 4; lastKnownFileType = sourcecode.c.objc; path = XRGAppDelegate.m; sourceTree = "<group>"; };
		273ECE8E15740EAF00E65D82 /* XRGPrefController.h */ = {isa = PBXFileReference; fileEncoding = 4; lastKnownFileType = sourcecode.c.h; path = XRGPrefController.h; sourceTree = "<group>"; };
		273ECE8F15740EAF00E65D82 /* XRGPrefController.m */ = {isa = PBXFileReference; fileEncoding = 4; lastKnownFileType = sourcecode.c.objc; path = XRGPrefController.m; sourceTree = "<group>"; };
		273ECE9215740EAF00E65D82 /* XRGGraphWindow.h */ = {isa = PBXFileReference; fileEncoding = 4; lastKnownFileType = sourcecode.c.h; path = XRGGraphWindow.h; sourceTree = "<group>"; };
		273ECE9315740EAF00E65D82 /* XRGGraphWindow.m */ = {isa = PBXFileReference; fileEncoding = 4; lastKnownFileType = sourcecode.c.objc; path = XRGGraphWindow.m; sourceTree = "<group>"; };
		273ECE9715740EAF00E65D82 /* XRGCPUMiner.h */ = {isa = PBXFileReference; fileEncoding = 4; lastKnownFileType = sourcecode.c.h; path = XRGCPUMiner.h; sourceTree = "<group>"; };
		273ECE9815740EAF00E65D82 /* XRGCPUMiner.m */ = {isa = PBXFileReference; fileEncoding = 4; lastKnownFileType = sourcecode.c.objc; path = XRGCPUMiner.m; sourceTree = "<group>"; };
		273ECE9915740EAF00E65D82 /* XRGMemoryMiner.h */ = {isa = PBXFileReference; fileEncoding = 4; lastKnownFileType = sourcecode.c.h; path = XRGMemoryMiner.h; sourceTree = "<group>"; };
		273ECE9A15740EAF00E65D82 /* XRGMemoryMiner.m */ = {isa = PBXFileReference; fileEncoding = 4; lastKnownFileType = sourcecode.c.objc; path = XRGMemoryMiner.m; sourceTree = "<group>"; };
		273ECE9B15740EAF00E65D82 /* XRGProcessMiner.h */ = {isa = PBXFileReference; fileEncoding = 4; lastKnownFileType = sourcecode.c.h; path = XRGProcessMiner.h; sourceTree = "<group>"; };
		273ECE9C15740EAF00E65D82 /* XRGProcessMiner.m */ = {isa = PBXFileReference; fileEncoding = 4; lastKnownFileType = sourcecode.c.objc; path = XRGProcessMiner.m; sourceTree = "<group>"; };
		273ECE9D15740EAF00E65D82 /* XRGTemperatureMiner.h */ = {isa = PBXFileReference; fileEncoding = 4; lastKnownFileType = sourcecode.c.h; path = XRGTemperatureMiner.h; sourceTree = "<group>"; };
		273ECE9E15740EAF00E65D82 /* XRGTemperatureMiner.m */ = {isa = PBXFileReference; fileEncoding = 4; lastKnownFileType = sourcecode.c.objc; path = XRGTemperatureMiner.m; sourceTree = "<group>"; };
		273ECEA015740EAF00E65D82 /* XRGBackgroundView.h */ = {isa = PBXFileReference; fileEncoding = 4; lastKnownFileType = sourcecode.c.h; path = XRGBackgroundView.h; sourceTree = "<group>"; };
		273ECEA115740EAF00E65D82 /* XRGBackgroundView.m */ = {isa = PBXFileReference; fileEncoding = 4; lastKnownFileType = sourcecode.c.objc; path = XRGBackgroundView.m; sourceTree = "<group>"; };
		273ECEA215740EAF00E65D82 /* XRGBatteryView.h */ = {isa = PBXFileReference; fileEncoding = 4; lastKnownFileType = sourcecode.c.h; path = XRGBatteryView.h; sourceTree = "<group>"; };
		273ECEA315740EAF00E65D82 /* XRGBatteryView.m */ = {isa = PBXFileReference; fileEncoding = 4; lastKnownFileType = sourcecode.c.objc; path = XRGBatteryView.m; sourceTree = "<group>"; };
		273ECEA415740EAF00E65D82 /* XRGCPUView.h */ = {isa = PBXFileReference; fileEncoding = 4; lastKnownFileType = sourcecode.c.h; path = XRGCPUView.h; sourceTree = "<group>"; };
		273ECEA515740EAF00E65D82 /* XRGCPUView.m */ = {isa = PBXFileReference; fileEncoding = 4; lastKnownFileType = sourcecode.c.objc; path = XRGCPUView.m; sourceTree = "<group>"; };
		273ECEA615740EAF00E65D82 /* XRGDiskView.h */ = {isa = PBXFileReference; fileEncoding = 4; lastKnownFileType = sourcecode.c.h; path = XRGDiskView.h; sourceTree = "<group>"; };
		273ECEA715740EAF00E65D82 /* XRGDiskView.m */ = {isa = PBXFileReference; fileEncoding = 4; lastKnownFileType = sourcecode.c.objc; path = XRGDiskView.m; sourceTree = "<group>"; };
		273ECEA815740EAF00E65D82 /* XRGGenericView.h */ = {isa = PBXFileReference; fileEncoding = 4; lastKnownFileType = sourcecode.c.h; path = XRGGenericView.h; sourceTree = "<group>"; };
		273ECEA915740EAF00E65D82 /* XRGGenericView.m */ = {isa = PBXFileReference; fileEncoding = 4; lastKnownFileType = sourcecode.c.objc; path = XRGGenericView.m; sourceTree = "<group>"; };
		273ECEAA15740EAF00E65D82 /* XRGMemoryView.h */ = {isa = PBXFileReference; fileEncoding = 4; lastKnownFileType = sourcecode.c.h; path = XRGMemoryView.h; sourceTree = "<group>"; };
		273ECEAB15740EAF00E65D82 /* XRGMemoryView.m */ = {isa = PBXFileReference; fileEncoding = 4; lastKnownFileType = sourcecode.c.objc; path = XRGMemoryView.m; sourceTree = "<group>"; };
		273ECEAC15740EAF00E65D82 /* XRGNetView.h */ = {isa = PBXFileReference; fileEncoding = 4; lastKnownFileType = sourcecode.c.h; path = XRGNetView.h; sourceTree = "<group>"; };
		273ECEAD15740EAF00E65D82 /* XRGNetView.m */ = {isa = PBXFileReference; fileEncoding = 4; lastKnownFileType = sourcecode.c.objc; path = XRGNetView.m; sourceTree = "<group>"; };
		273ECEAE15740EAF00E65D82 /* XRGStockView.h */ = {isa = PBXFileReference; fileEncoding = 4; lastKnownFileType = sourcecode.c.h; path = XRGStockView.h; sourceTree = "<group>"; };
		273ECEAF15740EAF00E65D82 /* XRGStockView.m */ = {isa = PBXFileReference; fileEncoding = 4; lastKnownFileType = sourcecode.c.objc; path = XRGStockView.m; sourceTree = "<group>"; };
		273ECEB015740EAF00E65D82 /* XRGTemperatureView.h */ = {isa = PBXFileReference; fileEncoding = 4; lastKnownFileType = sourcecode.c.h; path = XRGTemperatureView.h; sourceTree = "<group>"; };
		273ECEB115740EAF00E65D82 /* XRGTemperatureView.m */ = {isa = PBXFileReference; fileEncoding = 4; lastKnownFileType = sourcecode.c.objc; path = XRGTemperatureView.m; sourceTree = "<group>"; };
		273ECEB215740EAF00E65D82 /* XRGWeatherView.h */ = {isa = PBXFileReference; fileEncoding = 4; lastKnownFileType = sourcecode.c.h; path = XRGWeatherView.h; sourceTree = "<group>"; };
		273ECEB315740EAF00E65D82 /* XRGWeatherView.m */ = {isa = PBXFileReference; fileEncoding = 4; lastKnownFileType = sourcecode.c.objc; path = XRGWeatherView.m; sourceTree = "<group>"; };
		273ECEB515740EAF00E65D82 /* definitions.h */ = {isa = PBXFileReference; fileEncoding = 4; lastKnownFileType = sourcecode.c.h; path = definitions.h; sourceTree = "<group>"; };
		273ECEB615740EAF00E65D82 /* main.m */ = {isa = PBXFileReference; fileEncoding = 4; lastKnownFileType = sourcecode.c.objc; path = main.m; sourceTree = "<group>"; };
		273ECEB715740EAF00E65D82 /* ppp_msg.h */ = {isa = PBXFileReference; fileEncoding = 4; lastKnownFileType = sourcecode.c.h; path = ppp_msg.h; sourceTree = "<group>"; };
		273ECEB815740EAF00E65D82 /* XRG-Prefix.pch */ = {isa = PBXFileReference; fileEncoding = 4; lastKnownFileType = sourcecode.c.h; path = "XRG-Prefix.pch"; sourceTree = "<group>"; };
		273ECEB915740EAF00E65D82 /* XRGPlugin.h */ = {isa = PBXFileReference; fileEncoding = 4; lastKnownFileType = sourcecode.c.h; path = XRGPlugin.h; sourceTree = "<group>"; };
		273ECED915740EAF00E65D82 /* Preferences-Appearance.tiff */ = {isa = PBXFileReference; lastKnownFileType = image.tiff; path = "Preferences-Appearance.tiff"; sourceTree = "<group>"; };
		273ECEDA15740EAF00E65D82 /* Preferences-CPU.tiff */ = {isa = PBXFileReference; lastKnownFileType = image.tiff; path = "Preferences-CPU.tiff"; sourceTree = "<group>"; };
		273ECEDB15740EAF00E65D82 /* Preferences-Disk.tiff */ = {isa = PBXFileReference; lastKnownFileType = image.tiff; path = "Preferences-Disk.tiff"; sourceTree = "<group>"; };
		273ECEDC15740EAF00E65D82 /* Preferences-General.tiff */ = {isa = PBXFileReference; lastKnownFileType = image.tiff; path = "Preferences-General.tiff"; sourceTree = "<group>"; };
		273ECEDD15740EAF00E65D82 /* Preferences-Memory.tiff */ = {isa = PBXFileReference; lastKnownFileType = image.tiff; path = "Preferences-Memory.tiff"; sourceTree = "<group>"; };
		273ECEDE15740EAF00E65D82 /* Preferences-Network.tiff */ = {isa = PBXFileReference; lastKnownFileType = image.tiff; path = "Preferences-Network.tiff"; sourceTree = "<group>"; };
		273ECEDF15740EAF00E65D82 /* Preferences-Stocks.tiff */ = {isa = PBXFileReference; lastKnownFileType = image.tiff; path = "Preferences-Stocks.tiff"; sourceTree = "<group>"; };
		273ECEE015740EAF00E65D82 /* Preferences-Temperature.tiff */ = {isa = PBXFileReference; lastKnownFileType = image.tiff; path = "Preferences-Temperature.tiff"; sourceTree = "<group>"; };
		273ECEE115740EAF00E65D82 /* Preferences-Weather.tiff */ = {isa = PBXFileReference; lastKnownFileType = image.tiff; path = "Preferences-Weather.tiff"; sourceTree = "<group>"; };
		273ECEE415740EAF00E65D82 /* xtf.icns */ = {isa = PBXFileReference; lastKnownFileType = image.icns; path = xtf.icns; sourceTree = "<group>"; };
		273ECEE815740EAF00E65D82 /* NSStringUtil.h */ = {isa = PBXFileReference; fileEncoding = 4; lastKnownFileType = sourcecode.c.h; path = NSStringUtil.h; sourceTree = "<group>"; };
		273ECEE915740EAF00E65D82 /* NSStringUtil.m */ = {isa = PBXFileReference; fileEncoding = 4; lastKnownFileType = sourcecode.c.objc; path = NSStringUtil.m; sourceTree = "<group>"; };
		273ECEEA15740EAF00E65D82 /* XRGDataSet.h */ = {isa = PBXFileReference; fileEncoding = 4; lastKnownFileType = sourcecode.c.h; path = XRGDataSet.h; sourceTree = "<group>"; };
		273ECEEB15740EAF00E65D82 /* XRGDataSet.m */ = {isa = PBXFileReference; fileEncoding = 4; lastKnownFileType = sourcecode.c.objc; path = XRGDataSet.m; sourceTree = "<group>"; };
		273ECEF015740EAF00E65D82 /* XRGModule.h */ = {isa = PBXFileReference; fileEncoding = 4; lastKnownFileType = sourcecode.c.h; path = XRGModule.h; sourceTree = "<group>"; };
		273ECEF115740EAF00E65D82 /* XRGModule.m */ = {isa = PBXFileReference; fileEncoding = 4; lastKnownFileType = sourcecode.c.objc; path = XRGModule.m; sourceTree = "<group>"; };
		273ECEF215740EAF00E65D82 /* XRGModuleManager.h */ = {isa = PBXFileReference; fileEncoding = 4; lastKnownFileType = sourcecode.c.h; path = XRGModuleManager.h; sourceTree = "<group>"; };
		273ECEF315740EAF00E65D82 /* XRGModuleManager.m */ = {isa = PBXFileReference; fileEncoding = 4; lastKnownFileType = sourcecode.c.objc; path = XRGModuleManager.m; sourceTree = "<group>"; };
		273ECEF415740EAF00E65D82 /* XRGSettings.h */ = {isa = PBXFileReference; fileEncoding = 4; lastKnownFileType = sourcecode.c.h; path = XRGSettings.h; sourceTree = "<group>"; };
		273ECEF515740EAF00E65D82 /* XRGSettings.m */ = {isa = PBXFileReference; fileEncoding = 4; lastKnownFileType = sourcecode.c.objc; path = XRGSettings.m; sourceTree = "<group>"; };
		273ECEF615740EAF00E65D82 /* XRGStock.h */ = {isa = PBXFileReference; fileEncoding = 4; lastKnownFileType = sourcecode.c.h; path = XRGStock.h; sourceTree = "<group>"; };
		273ECEF715740EAF00E65D82 /* XRGStock.m */ = {isa = PBXFileReference; fileEncoding = 4; lastKnownFileType = sourcecode.c.objc; path = XRGStock.m; sourceTree = "<group>"; };
		273ECEF815740EAF00E65D82 /* XRGURL.h */ = {isa = PBXFileReference; fileEncoding = 4; lastKnownFileType = sourcecode.c.h; path = XRGURL.h; sourceTree = "<group>"; };
		273ECEF915740EAF00E65D82 /* XRGURL.m */ = {isa = PBXFileReference; fileEncoding = 4; lastKnownFileType = sourcecode.c.objc; path = XRGURL.m; sourceTree = "<group>"; };
		273ECF4F1574106600E65D82 /* InfoPlist.strings */ = {isa = PBXFileReference; fileEncoding = 10; lastKnownFileType = text.plist.strings; path = InfoPlist.strings; sourceTree = "<group>"; };
		273ECF501574106600E65D82 /* MainMenu.nib */ = {isa = PBXFileReference; lastKnownFileType = wrapper.nib; path = MainMenu.nib; sourceTree = "<group>"; };
		273ECF511574106600E65D82 /* Preferences.nib */ = {isa = PBXFileReference; lastKnownFileType = wrapper.nib; path = Preferences.nib; sourceTree = "<group>"; };
		273ECF63157413D200E65D82 /* icon.icns */ = {isa = PBXFileReference; lastKnownFileType = image.icns; path = icon.icns; sourceTree = "<group>"; };
		273ECF651574145100E65D82 /* IOKit.framework */ = {isa = PBXFileReference; lastKnownFileType = wrapper.framework; name = IOKit.framework; path = System/Library/Frameworks/IOKit.framework; sourceTree = SDKROOT; };
		273ECF6D157803EF00E65D82 /* XRG-Info.plist */ = {isa = PBXFileReference; fileEncoding = 4; lastKnownFileType = text.plist.xml; path = "XRG-Info.plist"; sourceTree = SOURCE_ROOT; };
		275842161D8E3F4800D0281F /* XRGNetMiner.h */ = {isa = PBXFileReference; fileEncoding = 4; lastKnownFileType = sourcecode.c.h; path = XRGNetMiner.h; sourceTree = "<group>"; };
		275842171D8E3F4800D0281F /* XRGNetMiner.m */ = {isa = PBXFileReference; fileEncoding = 4; lastKnownFileType = sourcecode.c.objc; path = XRGNetMiner.m; sourceTree = "<group>"; };
		2775AC211B42F4A700D867AC /* OpenGL.framework */ = {isa = PBXFileReference; lastKnownFileType = wrapper.framework; name = OpenGL.framework; path = System/Library/Frameworks/OpenGL.framework; sourceTree = SDKROOT; };
		2786061F1B445FED00CC6249 /* XRGGPUMiner.h */ = {isa = PBXFileReference; fileEncoding = 4; lastKnownFileType = sourcecode.c.h; path = XRGGPUMiner.h; sourceTree = "<group>"; };
		278606201B445FED00CC6249 /* XRGGPUMiner.m */ = {isa = PBXFileReference; fileEncoding = 4; lastKnownFileType = sourcecode.c.objc; path = XRGGPUMiner.m; sourceTree = "<group>"; };
		278606221B44741B00CC6249 /* XRGGPUView.h */ = {isa = PBXFileReference; fileEncoding = 4; lastKnownFileType = sourcecode.c.h; path = XRGGPUView.h; sourceTree = "<group>"; };
		278606231B44741B00CC6249 /* XRGGPUView.m */ = {isa = PBXFileReference; fileEncoding = 4; lastKnownFileType = sourcecode.c.objc; path = XRGGPUView.m; sourceTree = "<group>"; };
		937851A7157CA243001D2A15 /* SMCInterface.h */ = {isa = PBXFileReference; fileEncoding = 4; lastKnownFileType = sourcecode.c.h; path = SMCInterface.h; sourceTree = "<group>"; };
		937851A8157CA243001D2A15 /* SMCInterface.m */ = {isa = PBXFileReference; fileEncoding = 4; lastKnownFileType = sourcecode.c.objc; path = SMCInterface.m; sourceTree = "<group>"; };
		937851AB157CA5D0001D2A15 /* SMCSensors.h */ = {isa = PBXFileReference; fileEncoding = 4; lastKnownFileType = sourcecode.c.h; path = SMCSensors.h; sourceTree = "<group>"; };
		937851AC157CA5D0001D2A15 /* SMCSensors.m */ = {isa = PBXFileReference; fileEncoding = 4; lastKnownFileType = sourcecode.c.objc; path = SMCSensors.m; sourceTree = "<group>"; };
/* End PBXFileReference section */

/* Begin PBXFrameworksBuildPhase section */
		273ECE6215740DE700E65D82 /* Frameworks */ = {
			isa = PBXFrameworksBuildPhase;
			buildActionMask = 2147483647;
			files = (
				273ECF661574145100E65D82 /* IOKit.framework in Frameworks */,
				273ECE6A15740DE700E65D82 /* Cocoa.framework in Frameworks */,
			);
			runOnlyForDeploymentPostprocessing = 0;
		};
/* End PBXFrameworksBuildPhase section */

/* Begin PBXGroup section */
		273ECE5A15740DE700E65D82 = {
			isa = PBXGroup;
			children = (
				273ECE6F15740DE700E65D82 /* XRG */,
				273ECE6815740DE700E65D82 /* Frameworks */,
				273ECE6615740DE700E65D82 /* Products */,
			);
			sourceTree = "<group>";
		};
		273ECE6615740DE700E65D82 /* Products */ = {
			isa = PBXGroup;
			children = (
				273ECE6515740DE700E65D82 /* XRG.app */,
			);
			name = Products;
			sourceTree = "<group>";
		};
		273ECE6815740DE700E65D82 /* Frameworks */ = {
			isa = PBXGroup;
			children = (
				2775AC211B42F4A700D867AC /* OpenGL.framework */,
				273ECE6915740DE700E65D82 /* Cocoa.framework */,
				273ECF651574145100E65D82 /* IOKit.framework */,
				273ECE6B15740DE700E65D82 /* Other Frameworks */,
			);
			name = Frameworks;
			sourceTree = "<group>";
		};
		273ECE6B15740DE700E65D82 /* Other Frameworks */ = {
			isa = PBXGroup;
			children = (
				273ECE6C15740DE700E65D82 /* AppKit.framework */,
				273ECE6D15740DE700E65D82 /* CoreData.framework */,
				273ECE6E15740DE700E65D82 /* Foundation.framework */,
			);
			name = "Other Frameworks";
			sourceTree = "<group>";
		};
		273ECE6F15740DE700E65D82 /* XRG */ = {
			isa = PBXGroup;
			children = (
				272DD59A21DE8B93007FA11C /* XRG.entitlements */,
				273ECF6D157803EF00E65D82 /* XRG-Info.plist */,
				273ECE8B15740EAF00E65D82 /* Controllers */,
				273ECE9415740EAF00E65D82 /* Data Miners */,
				273ECE9F15740EAF00E65D82 /* Graph Views */,
				273ECEB415740EAF00E65D82 /* Other Sources */,
				273ECEBA15740EAF00E65D82 /* Resources */,
				273ECEE515740EAF00E65D82 /* Utility */,
			);
			path = XRG;
			sourceTree = "<group>";
		};
		273ECE8B15740EAF00E65D82 /* Controllers */ = {
			isa = PBXGroup;
			children = (
				273ECE8C15740EAF00E65D82 /* XRGAppDelegate.h */,
				273ECE8D15740EAF00E65D82 /* XRGAppDelegate.m */,
				273ECE8E15740EAF00E65D82 /* XRGPrefController.h */,
				273ECE8F15740EAF00E65D82 /* XRGPrefController.m */,
				273ECE9215740EAF00E65D82 /* XRGGraphWindow.h */,
				273ECE9315740EAF00E65D82 /* XRGGraphWindow.m */,
			);
			path = Controllers;
			sourceTree = SOURCE_ROOT;
		};
		273ECE9415740EAF00E65D82 /* Data Miners */ = {
			isa = PBXGroup;
			children = (
				937851A5157CA243001D2A15 /* APSL */,
				273ECE9715740EAF00E65D82 /* XRGCPUMiner.h */,
				273ECE9815740EAF00E65D82 /* XRGCPUMiner.m */,
				273ECE9915740EAF00E65D82 /* XRGMemoryMiner.h */,
				273ECE9A15740EAF00E65D82 /* XRGMemoryMiner.m */,
				273ECE9B15740EAF00E65D82 /* XRGProcessMiner.h */,
				273ECE9C15740EAF00E65D82 /* XRGProcessMiner.m */,
				273ECE9D15740EAF00E65D82 /* XRGTemperatureMiner.h */,
				273ECE9E15740EAF00E65D82 /* XRGTemperatureMiner.m */,
				2786061F1B445FED00CC6249 /* XRGGPUMiner.h */,
				278606201B445FED00CC6249 /* XRGGPUMiner.m */,
				275842161D8E3F4800D0281F /* XRGNetMiner.h */,
				275842171D8E3F4800D0281F /* XRGNetMiner.m */,
			);
			path = "Data Miners";
			sourceTree = SOURCE_ROOT;
		};
		273ECE9F15740EAF00E65D82 /* Graph Views */ = {
			isa = PBXGroup;
			children = (
				273ECEA015740EAF00E65D82 /* XRGBackgroundView.h */,
				273ECEA115740EAF00E65D82 /* XRGBackgroundView.m */,
				273ECEA215740EAF00E65D82 /* XRGBatteryView.h */,
				273ECEA315740EAF00E65D82 /* XRGBatteryView.m */,
				273ECEA415740EAF00E65D82 /* XRGCPUView.h */,
				273ECEA515740EAF00E65D82 /* XRGCPUView.m */,
				278606221B44741B00CC6249 /* XRGGPUView.h */,
				278606231B44741B00CC6249 /* XRGGPUView.m */,
				273ECEA615740EAF00E65D82 /* XRGDiskView.h */,
				273ECEA715740EAF00E65D82 /* XRGDiskView.m */,
				273ECEA815740EAF00E65D82 /* XRGGenericView.h */,
				273ECEA915740EAF00E65D82 /* XRGGenericView.m */,
				273ECEAA15740EAF00E65D82 /* XRGMemoryView.h */,
				273ECEAB15740EAF00E65D82 /* XRGMemoryView.m */,
				273ECEAC15740EAF00E65D82 /* XRGNetView.h */,
				273ECEAD15740EAF00E65D82 /* XRGNetView.m */,
				273ECEAE15740EAF00E65D82 /* XRGStockView.h */,
				273ECEAF15740EAF00E65D82 /* XRGStockView.m */,
				273ECEB015740EAF00E65D82 /* XRGTemperatureView.h */,
				273ECEB115740EAF00E65D82 /* XRGTemperatureView.m */,
				273ECEB215740EAF00E65D82 /* XRGWeatherView.h */,
				273ECEB315740EAF00E65D82 /* XRGWeatherView.m */,
			);
			path = "Graph Views";
			sourceTree = SOURCE_ROOT;
		};
		273ECEB415740EAF00E65D82 /* Other Sources */ = {
			isa = PBXGroup;
			children = (
				273ECEB515740EAF00E65D82 /* definitions.h */,
				273ECEB615740EAF00E65D82 /* main.m */,
				273ECEB715740EAF00E65D82 /* ppp_msg.h */,
				273ECEB815740EAF00E65D82 /* XRG-Prefix.pch */,
				273ECEB915740EAF00E65D82 /* XRGPlugin.h */,
			);
			path = "Other Sources";
			sourceTree = SOURCE_ROOT;
		};
		273ECEBA15740EAF00E65D82 /* Resources */ = {
			isa = PBXGroup;
			children = (
				271FA60E15AC79A100E16233 /* Online Help */,
				273ECF63157413D200E65D82 /* icon.icns */,
				273ECF4F1574106600E65D82 /* InfoPlist.strings */,
				273ECF501574106600E65D82 /* MainMenu.nib */,
				273ECF511574106600E65D82 /* Preferences.nib */,
				273ECED915740EAF00E65D82 /* Preferences-Appearance.tiff */,
				273ECEDA15740EAF00E65D82 /* Preferences-CPU.tiff */,
				273ECEDB15740EAF00E65D82 /* Preferences-Disk.tiff */,
				273ECEDC15740EAF00E65D82 /* Preferences-General.tiff */,
				273ECEDD15740EAF00E65D82 /* Preferences-Memory.tiff */,
				273ECEDE15740EAF00E65D82 /* Preferences-Network.tiff */,
				273ECEDF15740EAF00E65D82 /* Preferences-Stocks.tiff */,
				273ECEE015740EAF00E65D82 /* Preferences-Temperature.tiff */,
				273ECEE115740EAF00E65D82 /* Preferences-Weather.tiff */,
				273ECEE415740EAF00E65D82 /* xtf.icns */,
			);
			path = Resources;
			sourceTree = SOURCE_ROOT;
		};
		273ECEE515740EAF00E65D82 /* Utility */ = {
			isa = PBXGroup;
			children = (
				273ECEE815740EAF00E65D82 /* NSStringUtil.h */,
				273ECEE915740EAF00E65D82 /* NSStringUtil.m */,
				273ECEEA15740EAF00E65D82 /* XRGDataSet.h */,
				273ECEEB15740EAF00E65D82 /* XRGDataSet.m */,
				273ECEF015740EAF00E65D82 /* XRGModule.h */,
				273ECEF115740EAF00E65D82 /* XRGModule.m */,
				273ECEF215740EAF00E65D82 /* XRGModuleManager.h */,
				273ECEF315740EAF00E65D82 /* XRGModuleManager.m */,
				273ECEF415740EAF00E65D82 /* XRGSettings.h */,
				273ECEF515740EAF00E65D82 /* XRGSettings.m */,
				273ECEF615740EAF00E65D82 /* XRGStock.h */,
				273ECEF715740EAF00E65D82 /* XRGStock.m */,
				273ECEF815740EAF00E65D82 /* XRGURL.h */,
				273ECEF915740EAF00E65D82 /* XRGURL.m */,
				27186E2A1D88EA7A003DF559 /* XRGCommon.h */,
				27186E2B1D88EA7A003DF559 /* XRGCommon.m */,
			);
			path = Utility;
			sourceTree = SOURCE_ROOT;
		};
		937851A5157CA243001D2A15 /* APSL */ = {
			isa = PBXGroup;
			children = (
				937851A7157CA243001D2A15 /* SMCInterface.h */,
				937851A8157CA243001D2A15 /* SMCInterface.m */,
				937851AB157CA5D0001D2A15 /* SMCSensors.h */,
				937851AC157CA5D0001D2A15 /* SMCSensors.m */,
			);
			path = APSL;
			sourceTree = "<group>";
		};
/* End PBXGroup section */

/* Begin PBXNativeTarget section */
		273ECE6415740DE700E65D82 /* XRG */ = {
			isa = PBXNativeTarget;
			buildConfigurationList = 273ECE8315740DE800E65D82 /* Build configuration list for PBXNativeTarget "XRG" */;
			buildPhases = (
				273ECE6115740DE700E65D82 /* Sources */,
				273ECE6215740DE700E65D82 /* Frameworks */,
				273ECE6315740DE700E65D82 /* Resources */,
			);
			buildRules = (
			);
			dependencies = (
			);
			name = XRG;
			productName = XRG;
			productReference = 273ECE6515740DE700E65D82 /* XRG.app */;
			productType = "com.apple.product-type.application";
		};
/* End PBXNativeTarget section */

/* Begin PBXProject section */
		273ECE5C15740DE700E65D82 /* Project object */ = {
			isa = PBXProject;
			attributes = {
				CLASSPREFIX = XRG;
				LastUpgradeCheck = 1010;
				ORGANIZATIONNAME = "Gaucho Software";
				TargetAttributes = {
					273ECE6415740DE700E65D82 = {
						DevelopmentTeam = 28EXY66HMA;
						SystemCapabilities = {
							com.apple.HardenedRuntime = {
								enabled = 1;
							};
						};
					};
				};
			};
			buildConfigurationList = 273ECE5F15740DE700E65D82 /* Build configuration list for PBXProject "XRG" */;
			compatibilityVersion = "Xcode 3.2";
			developmentRegion = English;
			hasScannedForEncodings = 0;
			knownRegions = (
				en,
			);
			mainGroup = 273ECE5A15740DE700E65D82;
			productRefGroup = 273ECE6615740DE700E65D82 /* Products */;
			projectDirPath = "";
			projectRoot = "";
			targets = (
				273ECE6415740DE700E65D82 /* XRG */,
			);
		};
/* End PBXProject section */

/* Begin PBXResourcesBuildPhase section */
		273ECE6315740DE700E65D82 /* Resources */ = {
			isa = PBXResourcesBuildPhase;
			buildActionMask = 2147483647;
			files = (
				273ECF2A15740EAF00E65D82 /* Preferences-Appearance.tiff in Resources */,
				273ECF2B15740EAF00E65D82 /* Preferences-CPU.tiff in Resources */,
				273ECF2C15740EAF00E65D82 /* Preferences-Disk.tiff in Resources */,
				273ECF2D15740EAF00E65D82 /* Preferences-General.tiff in Resources */,
				273ECF2E15740EAF00E65D82 /* Preferences-Memory.tiff in Resources */,
				273ECF2F15740EAF00E65D82 /* Preferences-Network.tiff in Resources */,
				273ECF3015740EAF00E65D82 /* Preferences-Stocks.tiff in Resources */,
				273ECF3115740EAF00E65D82 /* Preferences-Temperature.tiff in Resources */,
				273ECF3215740EAF00E65D82 /* Preferences-Weather.tiff in Resources */,
				273ECF3515740EAF00E65D82 /* xtf.icns in Resources */,
				273ECF531574106600E65D82 /* InfoPlist.strings in Resources */,
				273ECF541574106600E65D82 /* MainMenu.nib in Resources */,
				273ECF551574106600E65D82 /* Preferences.nib in Resources */,
				273ECF64157413D200E65D82 /* icon.icns in Resources */,
				271FA60F15AC79A100E16233 /* Online Help in Resources */,
			);
			runOnlyForDeploymentPostprocessing = 0;
		};
/* End PBXResourcesBuildPhase section */

/* Begin PBXSourcesBuildPhase section */
		273ECE6115740DE700E65D82 /* Sources */ = {
			isa = PBXSourcesBuildPhase;
			buildActionMask = 2147483647;
			files = (
				273ECEFA15740EAF00E65D82 /* XRGAppDelegate.m in Sources */,
				273ECEFB15740EAF00E65D82 /* XRGPrefController.m in Sources */,
				273ECEFD15740EAF00E65D82 /* XRGGraphWindow.m in Sources */,
				273ECEFF15740EAF00E65D82 /* XRGCPUMiner.m in Sources */,
				273ECF0015740EAF00E65D82 /* XRGMemoryMiner.m in Sources */,
				273ECF0115740EAF00E65D82 /* XRGProcessMiner.m in Sources */,
				273ECF0215740EAF00E65D82 /* XRGTemperatureMiner.m in Sources */,
				273ECF0315740EAF00E65D82 /* XRGBackgroundView.m in Sources */,
				27186E2C1D88EA7A003DF559 /* XRGCommon.m in Sources */,
				273ECF0415740EAF00E65D82 /* XRGBatteryView.m in Sources */,
				273ECF0515740EAF00E65D82 /* XRGCPUView.m in Sources */,
				273ECF0615740EAF00E65D82 /* XRGDiskView.m in Sources */,
				273ECF0715740EAF00E65D82 /* XRGGenericView.m in Sources */,
				273ECF0815740EAF00E65D82 /* XRGMemoryView.m in Sources */,
				273ECF0915740EAF00E65D82 /* XRGNetView.m in Sources */,
				278606241B44741B00CC6249 /* XRGGPUView.m in Sources */,
				273ECF0A15740EAF00E65D82 /* XRGStockView.m in Sources */,
				278606211B445FED00CC6249 /* XRGGPUMiner.m in Sources */,
				273ECF0B15740EAF00E65D82 /* XRGTemperatureView.m in Sources */,
				273ECF0C15740EAF00E65D82 /* XRGWeatherView.m in Sources */,
				275842181D8E3F4800D0281F /* XRGNetMiner.m in Sources */,
				273ECF0D15740EAF00E65D82 /* main.m in Sources */,
				273ECF3715740EAF00E65D82 /* NSStringUtil.m in Sources */,
				273ECF3815740EAF00E65D82 /* XRGDataSet.m in Sources */,
				273ECF3B15740EAF00E65D82 /* XRGModule.m in Sources */,
				273ECF3C15740EAF00E65D82 /* XRGModuleManager.m in Sources */,
				273ECF3D15740EAF00E65D82 /* XRGSettings.m in Sources */,
				273ECF3E15740EAF00E65D82 /* XRGStock.m in Sources */,
				273ECF3F15740EAF00E65D82 /* XRGURL.m in Sources */,
				937851AA157CA243001D2A15 /* SMCInterface.m in Sources */,
				937851AD157CA5D0001D2A15 /* SMCSensors.m in Sources */,
			);
			runOnlyForDeploymentPostprocessing = 0;
		};
/* End PBXSourcesBuildPhase section */

/* Begin XCBuildConfiguration section */
		273ECE8115740DE800E65D82 /* Debug */ = {
			isa = XCBuildConfiguration;
			buildSettings = {
				ALWAYS_SEARCH_USER_PATHS = NO;
				CLANG_WARN_BLOCK_CAPTURE_AUTORELEASING = YES;
				CLANG_WARN_BOOL_CONVERSION = YES;
				CLANG_WARN_COMMA = YES;
				CLANG_WARN_CONSTANT_CONVERSION = YES;
				CLANG_WARN_DEPRECATED_OBJC_IMPLEMENTATIONS = YES;
				CLANG_WARN_EMPTY_BODY = YES;
				CLANG_WARN_ENUM_CONVERSION = YES;
				CLANG_WARN_INFINITE_RECURSION = YES;
				CLANG_WARN_INT_CONVERSION = YES;
				CLANG_WARN_NON_LITERAL_NULL_CONVERSION = YES;
				CLANG_WARN_OBJC_IMPLICIT_RETAIN_SELF = YES;
				CLANG_WARN_OBJC_LITERAL_CONVERSION = YES;
				CLANG_WARN_RANGE_LOOP_ANALYSIS = YES;
				CLANG_WARN_STRICT_PROTOTYPES = YES;
				CLANG_WARN_SUSPICIOUS_MOVE = YES;
				CLANG_WARN_UNREACHABLE_CODE = YES;
				CLANG_WARN__DUPLICATE_METHOD_MATCH = YES;
				COPY_PHASE_STRIP = NO;
				ENABLE_STRICT_OBJC_MSGSEND = YES;
				ENABLE_TESTABILITY = YES;
				GCC_C_LANGUAGE_STANDARD = gnu99;
				GCC_DYNAMIC_NO_PIC = NO;
				GCC_ENABLE_OBJC_EXCEPTIONS = YES;
				GCC_NO_COMMON_BLOCKS = YES;
				GCC_OPTIMIZATION_LEVEL = 0;
				GCC_PREPROCESSOR_DEFINITIONS = (
					"DEBUG=1",
					"$(inherited)",
				);
				GCC_SYMBOLS_PRIVATE_EXTERN = NO;
				GCC_VERSION = com.apple.compilers.llvm.clang.1_0;
				GCC_WARN_64_TO_32_BIT_CONVERSION = YES;
				GCC_WARN_ABOUT_RETURN_TYPE = YES;
				GCC_WARN_UNDECLARED_SELECTOR = YES;
				GCC_WARN_UNINITIALIZED_AUTOS = YES;
				GCC_WARN_UNUSED_FUNCTION = YES;
				GCC_WARN_UNUSED_VARIABLE = YES;
				MACOSX_DEPLOYMENT_TARGET = 10.6;
				ONLY_ACTIVE_ARCH = YES;
				SDKROOT = macosx;
			};
			name = Debug;
		};
		273ECE8215740DE800E65D82 /* Release */ = {
			isa = XCBuildConfiguration;
			buildSettings = {
				ALWAYS_SEARCH_USER_PATHS = NO;
				CLANG_WARN_BLOCK_CAPTURE_AUTORELEASING = YES;
				CLANG_WARN_BOOL_CONVERSION = YES;
				CLANG_WARN_COMMA = YES;
				CLANG_WARN_CONSTANT_CONVERSION = YES;
				CLANG_WARN_DEPRECATED_OBJC_IMPLEMENTATIONS = YES;
				CLANG_WARN_EMPTY_BODY = YES;
				CLANG_WARN_ENUM_CONVERSION = YES;
				CLANG_WARN_INFINITE_RECURSION = YES;
				CLANG_WARN_INT_CONVERSION = YES;
				CLANG_WARN_NON_LITERAL_NULL_CONVERSION = YES;
				CLANG_WARN_OBJC_IMPLICIT_RETAIN_SELF = YES;
				CLANG_WARN_OBJC_LITERAL_CONVERSION = YES;
				CLANG_WARN_RANGE_LOOP_ANALYSIS = YES;
				CLANG_WARN_STRICT_PROTOTYPES = YES;
				CLANG_WARN_SUSPICIOUS_MOVE = YES;
				CLANG_WARN_UNREACHABLE_CODE = YES;
				CLANG_WARN__DUPLICATE_METHOD_MATCH = YES;
				COPY_PHASE_STRIP = YES;
				DEBUG_INFORMATION_FORMAT = "dwarf-with-dsym";
				ENABLE_STRICT_OBJC_MSGSEND = YES;
				GCC_C_LANGUAGE_STANDARD = gnu99;
				GCC_ENABLE_OBJC_EXCEPTIONS = YES;
				GCC_NO_COMMON_BLOCKS = YES;
				GCC_VERSION = com.apple.compilers.llvm.clang.1_0;
				GCC_WARN_64_TO_32_BIT_CONVERSION = YES;
				GCC_WARN_ABOUT_RETURN_TYPE = YES;
				GCC_WARN_UNDECLARED_SELECTOR = YES;
				GCC_WARN_UNINITIALIZED_AUTOS = YES;
				GCC_WARN_UNUSED_FUNCTION = YES;
				GCC_WARN_UNUSED_VARIABLE = YES;
				MACOSX_DEPLOYMENT_TARGET = 10.6;
				SDKROOT = macosx;
			};
			name = Release;
		};
		273ECE8415740DE800E65D82 /* Debug */ = {
			isa = XCBuildConfiguration;
			buildSettings = {
				CLANG_ENABLE_OBJC_ARC = YES;
				CODE_SIGN_IDENTITY = "Mac Developer";
				COMBINE_HIDPI_IMAGES = YES;
				DEVELOPMENT_TEAM = 28EXY66HMA;
				ENABLE_HARDENED_RUNTIME = YES;
				GCC_PRECOMPILE_PREFIX_HEADER = YES;
				GCC_PREFIX_HEADER = "Other Sources/XRG-Prefix.pch";
				GCC_VERSION = "";
				INFOPLIST_FILE = "XRG-Info.plist";
				MACOSX_DEPLOYMENT_TARGET = 10.7;
				PRODUCT_BUNDLE_IDENTIFIER = "com.piatekjimenez.${PRODUCT_NAME:rfc1034identifier}";
				PRODUCT_NAME = "$(TARGET_NAME)";
				WRAPPER_EXTENSION = app;
			};
			name = Debug;
		};
		273ECE8515740DE800E65D82 /* Release */ = {
			isa = XCBuildConfiguration;
			buildSettings = {
				CLANG_ENABLE_OBJC_ARC = YES;
				CODE_SIGN_IDENTITY = "Mac Developer";
				COMBINE_HIDPI_IMAGES = YES;
				DEVELOPMENT_TEAM = 28EXY66HMA;
				ENABLE_HARDENED_RUNTIME = YES;
				GCC_PRECOMPILE_PREFIX_HEADER = YES;
				GCC_PREFIX_HEADER = "Other Sources/XRG-Prefix.pch";
				GCC_VERSION = "";
				INFOPLIST_FILE = "XRG-Info.plist";
				MACOSX_DEPLOYMENT_TARGET = 10.7;
				PRODUCT_BUNDLE_IDENTIFIER = "com.piatekjimenez.${PRODUCT_NAME:rfc1034identifier}";
				PRODUCT_NAME = "$(TARGET_NAME)";
				WRAPPER_EXTENSION = app;
			};
			name = Release;
		};
/* End XCBuildConfiguration section */

/* Begin XCConfigurationList section */
		273ECE5F15740DE700E65D82 /* Build configuration list for PBXProject "XRG" */ = {
			isa = XCConfigurationList;
			buildConfigurations = (
				273ECE8115740DE800E65D82 /* Debug */,
				273ECE8215740DE800E65D82 /* Release */,
			);
			defaultConfigurationIsVisible = 0;
			defaultConfigurationName = Release;
		};
		273ECE8315740DE800E65D82 /* Build configuration list for PBXNativeTarget "XRG" */ = {
			isa = XCConfigurationList;
			buildConfigurations = (
				273ECE8415740DE800E65D82 /* Debug */,
				273ECE8515740DE800E65D82 /* Release */,
			);
			defaultConfigurationIsVisible = 0;
			defaultConfigurationName = Release;
		};
/* End XCConfigurationList section */
	};
	rootObject = 273ECE5C15740DE700E65D82 /* Project object */;
}
